
Microsoft Visual Studio Solution File, Format Version 12.00
# Visual Studio Version 17
VisualStudioVersion = 17.4.33110.190
MinimumVisualStudioVersion = 10.0.40219.1
Project("{FAE04EC0-301F-11D3-BF4B-00C04F79EFBC}") = "LolTest", "LolTest\LolTest.csproj", "{4E35CF00-11E6-4CE8-93D5-70C0B8A6713B}"
EndProject
Global
	GlobalSection(SolutionConfigurationPlatforms) = preSolution
		Debug|Any CPU = Debug|Any CPU
		Release|Any CPU = Release|Any CPU
	EndGlobalSection
	GlobalSection(ProjectConfigurationPlatforms) = postSolution
		{4E35CF00-11E6-4CE8-93D5-70C0B8A6713B}.Debug|Any CPU.ActiveCfg = Debug|Any CPU
		{4E35CF00-11E6-4CE8-93D5-70C0B8A6713B}.Debug|Any CPU.Build.0 = Debug|Any CPU
		{4E35CF00-11E6-4CE8-93D5-70C0B8A6713B}.Release|Any CPU.ActiveCfg = Release|Any CPU
		{4E35CF00-11E6-4CE8-93D5-70C0B8A6713B}.Release|Any CPU.Build.0 = Release|Any CPU
	EndGlobalSection
	GlobalSection(SolutionProperties) = preSolution
		HideSolutionNode = FALSE
	EndGlobalSection
	GlobalSection(ExtensibilityGlobals) = postSolution
		SolutionGuid = {42C4E4CA-871C-4CCE-9425-20E537F578EB}
	EndGlobalSection
EndGlobal
